
Microsoft Visual Studio Solution File, Format Version 12.00
# Visual Studio Version 16
VisualStudioVersion = 16.0.31205.134
MinimumVisualStudioVersion = 10.0.40219.1
Project("{FAE04EC0-301F-11D3-BF4B-00C04F79EFBC}") = "ArraysAndLists", "ArraysAndLists\ArraysAndLists.csproj", "{CFAAF4F6-6176-4550-8E5E-A4E4A95A5D46}"
EndProject
Global
	GlobalSection(SolutionConfigurationPlatforms) = preSolution
		Debug|Any CPU = Debug|Any CPU
		Release|Any CPU = Release|Any CPU
	EndGlobalSection
	GlobalSection(ProjectConfigurationPlatforms) = postSolution
		{CFAAF4F6-6176-4550-8E5E-A4E4A95A5D46}.Debug|Any CPU.ActiveCfg = Debug|Any CPU
		{CFAAF4F6-6176-4550-8E5E-A4E4A95A5D46}.Debug|Any CPU.Build.0 = Debug|Any CPU
		{CFAAF4F6-6176-4550-8E5E-A4E4A95A5D46}.Release|Any CPU.ActiveCfg = Release|Any CPU
		{CFAAF4F6-6176-4550-8E5E-A4E4A95A5D46}.Release|Any CPU.Build.0 = Release|Any CPU
	EndGlobalSection
	GlobalSection(SolutionProperties) = preSolution
		HideSolutionNode = FALSE
	EndGlobalSection
	GlobalSection(ExtensibilityGlobals) = postSolution
		SolutionGuid = {D06C78A9-3F71-413C-86D2-10803EAEB0AB}
	EndGlobalSection
EndGlobal
