
Microsoft Visual Studio Solution File, Format Version 12.00
# Visual Studio Version 16
VisualStudioVersion = 16.0.31205.134
MinimumVisualStudioVersion = 10.0.40219.1
Project("{FAE04EC0-301F-11D3-BF4B-00C04F79EFBC}") = "Iteration_Assignment", "Iteration_Assignment\Iteration_Assignment.csproj", "{03B7EB9D-44E1-4C0E-854A-93C65FAF9E3F}"
EndProject
Global
	GlobalSection(SolutionConfigurationPlatforms) = preSolution
		Debug|Any CPU = Debug|Any CPU
		Release|Any CPU = Release|Any CPU
	EndGlobalSection
	GlobalSection(ProjectConfigurationPlatforms) = postSolution
		{03B7EB9D-44E1-4C0E-854A-93C65FAF9E3F}.Debug|Any CPU.ActiveCfg = Debug|Any CPU
		{03B7EB9D-44E1-4C0E-854A-93C65FAF9E3F}.Debug|Any CPU.Build.0 = Debug|Any CPU
		{03B7EB9D-44E1-4C0E-854A-93C65FAF9E3F}.Release|Any CPU.ActiveCfg = Release|Any CPU
		{03B7EB9D-44E1-4C0E-854A-93C65FAF9E3F}.Release|Any CPU.Build.0 = Release|Any CPU
	EndGlobalSection
	GlobalSection(SolutionProperties) = preSolution
		HideSolutionNode = FALSE
	EndGlobalSection
	GlobalSection(ExtensibilityGlobals) = postSolution
		SolutionGuid = {5BEAC96C-32EF-4107-B76E-EBB5A7F24DA3}
	EndGlobalSection
EndGlobal
