
Microsoft Visual Studio Solution File, Format Version 12.00
# Visual Studio Version 16
VisualStudioVersion = 16.0.31205.134
MinimumVisualStudioVersion = 10.0.40219.1
Project("{FAE04EC0-301F-11D3-BF4B-00C04F79EFBC}") = "ClassSubmission", "ClassSubmission\ClassSubmission.csproj", "{A1C98377-8384-4A56-98A7-192F32068B83}"
EndProject
Global
	GlobalSection(SolutionConfigurationPlatforms) = preSolution
		Debug|Any CPU = Debug|Any CPU
		Release|Any CPU = Release|Any CPU
	EndGlobalSection
	GlobalSection(ProjectConfigurationPlatforms) = postSolution
		{A1C98377-8384-4A56-98A7-192F32068B83}.Debug|Any CPU.ActiveCfg = Debug|Any CPU
		{A1C98377-8384-4A56-98A7-192F32068B83}.Debug|Any CPU.Build.0 = Debug|Any CPU
		{A1C98377-8384-4A56-98A7-192F32068B83}.Release|Any CPU.ActiveCfg = Release|Any CPU
		{A1C98377-8384-4A56-98A7-192F32068B83}.Release|Any CPU.Build.0 = Release|Any CPU
	EndGlobalSection
	GlobalSection(SolutionProperties) = preSolution
		HideSolutionNode = FALSE
	EndGlobalSection
	GlobalSection(ExtensibilityGlobals) = postSolution
		SolutionGuid = {BB50CE36-13BD-4824-AF93-FB3E04886359}
	EndGlobalSection
EndGlobal
