
Microsoft Visual Studio Solution File, Format Version 12.00
# Visual Studio Version 16
VisualStudioVersion = 16.0.31605.320
MinimumVisualStudioVersion = 10.0.40219.1
Project("{FAE04EC0-301F-11D3-BF4B-00C04F79EFBC}") = "CodeFirstApp", "CodeFirstApp\CodeFirstApp.csproj", "{B5BC07C8-743E-4EC0-A9F8-CB4C12EE3830}"
EndProject
Global
	GlobalSection(SolutionConfigurationPlatforms) = preSolution
		Debug|Any CPU = Debug|Any CPU
		Release|Any CPU = Release|Any CPU
	EndGlobalSection
	GlobalSection(ProjectConfigurationPlatforms) = postSolution
		{B5BC07C8-743E-4EC0-A9F8-CB4C12EE3830}.Debug|Any CPU.ActiveCfg = Debug|Any CPU
		{B5BC07C8-743E-4EC0-A9F8-CB4C12EE3830}.Debug|Any CPU.Build.0 = Debug|Any CPU
		{B5BC07C8-743E-4EC0-A9F8-CB4C12EE3830}.Release|Any CPU.ActiveCfg = Release|Any CPU
		{B5BC07C8-743E-4EC0-A9F8-CB4C12EE3830}.Release|Any CPU.Build.0 = Release|Any CPU
	EndGlobalSection
	GlobalSection(SolutionProperties) = preSolution
		HideSolutionNode = FALSE
	EndGlobalSection
	GlobalSection(ExtensibilityGlobals) = postSolution
		SolutionGuid = {06AD9C07-62FA-4F62-B616-777A9F7F5C2E}
	EndGlobalSection
EndGlobal
