
Microsoft Visual Studio Solution File, Format Version 12.00
# Visual Studio Version 16
VisualStudioVersion = 16.0.31515.178
MinimumVisualStudioVersion = 10.0.40219.1
Project("{FAE04EC0-301F-11D3-BF4B-00C04F79EFBC}") = "TwentyOne", "TwentyOne\TwentyOne.csproj", "{1700A7B7-7DED-40B5-B1A7-AB09590119B5}"
EndProject
Project("{FAE04EC0-301F-11D3-BF4B-00C04F79EFBC}") = "Casino", "Casino\Casino.csproj", "{F656F37C-3EF8-4628-B21B-869B48633060}"
EndProject
Global
	GlobalSection(SolutionConfigurationPlatforms) = preSolution
		Debug|Any CPU = Debug|Any CPU
		Release|Any CPU = Release|Any CPU
	EndGlobalSection
	GlobalSection(ProjectConfigurationPlatforms) = postSolution
		{1700A7B7-7DED-40B5-B1A7-AB09590119B5}.Debug|Any CPU.ActiveCfg = Debug|Any CPU
		{1700A7B7-7DED-40B5-B1A7-AB09590119B5}.Debug|Any CPU.Build.0 = Debug|Any CPU
		{1700A7B7-7DED-40B5-B1A7-AB09590119B5}.Release|Any CPU.ActiveCfg = Release|Any CPU
		{1700A7B7-7DED-40B5-B1A7-AB09590119B5}.Release|Any CPU.Build.0 = Release|Any CPU
		{F656F37C-3EF8-4628-B21B-869B48633060}.Debug|Any CPU.ActiveCfg = Debug|Any CPU
		{F656F37C-3EF8-4628-B21B-869B48633060}.Debug|Any CPU.Build.0 = Debug|Any CPU
		{F656F37C-3EF8-4628-B21B-869B48633060}.Release|Any CPU.ActiveCfg = Release|Any CPU
		{F656F37C-3EF8-4628-B21B-869B48633060}.Release|Any CPU.Build.0 = Release|Any CPU
	EndGlobalSection
	GlobalSection(SolutionProperties) = preSolution
		HideSolutionNode = FALSE
	EndGlobalSection
	GlobalSection(ExtensibilityGlobals) = postSolution
		SolutionGuid = {11EEF83F-2290-4186-85AA-829BBF98EE33}
	EndGlobalSection
EndGlobal
