
Microsoft Visual Studio Solution File, Format Version 12.00
# Visual Studio Version 16
VisualStudioVersion = 16.0.31205.134
MinimumVisualStudioVersion = 10.0.40219.1
Project("{FAE04EC0-301F-11D3-BF4B-00C04F79EFBC}") = "Anonymous_Income_Comparison", "Anonymous_Income_Comparison\Anonymous_Income_Comparison.csproj", "{B6396A7D-E674-407A-A237-4B75119D0AF4}"
EndProject
Global
	GlobalSection(SolutionConfigurationPlatforms) = preSolution
		Debug|Any CPU = Debug|Any CPU
		Release|Any CPU = Release|Any CPU
	EndGlobalSection
	GlobalSection(ProjectConfigurationPlatforms) = postSolution
		{B6396A7D-E674-407A-A237-4B75119D0AF4}.Debug|Any CPU.ActiveCfg = Debug|Any CPU
		{B6396A7D-E674-407A-A237-4B75119D0AF4}.Debug|Any CPU.Build.0 = Debug|Any CPU
		{B6396A7D-E674-407A-A237-4B75119D0AF4}.Release|Any CPU.ActiveCfg = Release|Any CPU
		{B6396A7D-E674-407A-A237-4B75119D0AF4}.Release|Any CPU.Build.0 = Release|Any CPU
	EndGlobalSection
	GlobalSection(SolutionProperties) = preSolution
		HideSolutionNode = FALSE
	EndGlobalSection
	GlobalSection(ExtensibilityGlobals) = postSolution
		SolutionGuid = {18252B00-E0C9-44F5-939E-03E0062F06B5}
	EndGlobalSection
EndGlobal
